
Microsoft Visual Studio Solution File, Format Version 12.00
# Visual Studio Version 16
VisualStudioVersion = 16.0.31025.194
MinimumVisualStudioVersion = 10.0.40219.1
Project("{9A19103F-16F7-4668-BE54-9A1E7A4F7556}") = "Gestion-Alumnos-v1", "Gestion-Alumnos-v1.csproj", "{D907F06F-89C3-4779-AC1B-0E752B757005}"
EndProject
Global
	GlobalSection(SolutionConfigurationPlatforms) = preSolution
		Debug|Any CPU = Debug|Any CPU
		Release|Any CPU = Release|Any CPU
	EndGlobalSection
	GlobalSection(ProjectConfigurationPlatforms) = postSolution
		{D907F06F-89C3-4779-AC1B-0E752B757005}.Debug|Any CPU.ActiveCfg = Debug|Any CPU
		{D907F06F-89C3-4779-AC1B-0E752B757005}.Debug|Any CPU.Build.0 = Debug|Any CPU
		{D907F06F-89C3-4779-AC1B-0E752B757005}.Release|Any CPU.ActiveCfg = Release|Any CPU
		{D907F06F-89C3-4779-AC1B-0E752B757005}.Release|Any CPU.Build.0 = Release|Any CPU
	EndGlobalSection
	GlobalSection(SolutionProperties) = preSolution
		HideSolutionNode = FALSE
	EndGlobalSection
	GlobalSection(ExtensibilityGlobals) = postSolution
		SolutionGuid = {02F80529-724A-4E98-913A-B3B5D4E44A69}
	EndGlobalSection
EndGlobal
